{
  "name": "app-efa",
  "version": "1.0.0",
  "lockfileVersion": 3,
  "requires": true,
  "packages": {
    "": {
      "name": "app-efa",
      "version": "1.0.0",
      "license": "ISC",
      "dependencies": {
        "jquery": "^3.6.3",
        "jquery-bracket": "^0.11.1",
        "lightbox2": "^2.11.3",
        "sweetalert2": "^11.7.1"
      }
    },
    "node_modules/jquery": {
      "version": "3.6.3",
      "resolved": "https://registry.npmjs.org/jquery/-/jquery-3.6.3.tgz",
      "integrity": "sha512-bZ5Sy3YzKo9Fyc8wH2iIQK4JImJ6R0GWI9kL1/k7Z91ZBNgkRXE6U0JfHIizZbort8ZunhSI3jw9I6253ahKfg=="
    },
    "node_modules/jquery-bracket": {
      "version": "0.11.1",
      "resolved": "https://registry.npmjs.org/jquery-bracket/-/jquery-bracket-0.11.1.tgz",
      "integrity": "sha512-I3kE5FuUAJAU+h3ccipVO+AUpM1p0ilQAOfSk51Ja2RLDslVMuRVctYOsuANTAxQmEgvzdqSNVRXcIA0Ve1plQ=="
    },
    "node_modules/lightbox2": {
      "version": "2.11.3",
      "resolved": "https://registry.npmjs.org/lightbox2/-/lightbox2-2.11.3.tgz",
      "integrity": "sha512-Q4v6il/OK9ttgEkAxSok/jrI/LUbqTrePFchqP2x/59qaDIZgJjEEc5Xf7peSMc/55Zo5PAgmX6EiN/BeEeUBQ=="
    },
    "node_modules/sweetalert2": {
      "version": "11.7.1",
      "resolved": "https://registry.npmjs.org/sweetalert2/-/sweetalert2-11.7.1.tgz",
      "integrity": "sha512-+1bnkbqBl64FnZmi3g4SzAi4F3pL3S2jF1YQvrysv4GbgizfeFqGkJopxR3FnV/eJm6w2SQ2oAmCxSIBjgP/ag==",
      "funding": {
        "type": "individual",
        "url": "https://github.com/sponsors/limonte"
      }
    }
  }
}
